// !$*UTF8*$!
{
	archiveVersion = 1;
	classes = {
	};
	objectVersion = 51;
	objects = {

/* Begin PBXBuildFile section */
		66F85245687FD4DDC9362510 /* Pods_egotter_iosTests.framework in Frameworks */ = {isa = PBXBuildFile; fileRef = BC5E75F879D895DA39634826 /* Pods_egotter_iosTests.framework */; };
		7E67C13612A119B52CCAC132 /* Pods_egotter_ios_egotter_iosUITests.framework in Frameworks */ = {isa = PBXBuildFile; fileRef = 8BB7A5DFB7268245939A2C8C /* Pods_egotter_ios_egotter_iosUITests.framework */; };
		9EAEE1E1C323A7419DD1E7F6 /* Pods_egotter_ios.framework in Frameworks */ = {isa = PBXBuildFile; fileRef = FA9DC115E6891D93D8B2B13A /* Pods_egotter_ios.framework */; };
		E11B6EFE23FA2A5900C00AA0 /* AppDelegate.swift in Sources */ = {isa = PBXBuildFile; fileRef = E11B6EFD23FA2A5900C00AA0 /* AppDelegate.swift */; };
		E11B6F0023FA2A5900C00AA0 /* SceneDelegate.swift in Sources */ = {isa = PBXBuildFile; fileRef = E11B6EFF23FA2A5900C00AA0 /* SceneDelegate.swift */; };
		E11B6F0223FA2A5900C00AA0 /* ContentView.swift in Sources */ = {isa = PBXBuildFile; fileRef = E11B6F0123FA2A5900C00AA0 /* ContentView.swift */; };
		E11B6F0423FA2A5B00C00AA0 /* Assets.xcassets in Resources */ = {isa = PBXBuildFile; fileRef = E11B6F0323FA2A5B00C00AA0 /* Assets.xcassets */; };
		E11B6F0723FA2A5B00C00AA0 /* Preview Assets.xcassets in Resources */ = {isa = PBXBuildFile; fileRef = E11B6F0623FA2A5B00C00AA0 /* Preview Assets.xcassets */; };
		E11B6F0A23FA2A5B00C00AA0 /* LaunchScreen.storyboard in Resources */ = {isa = PBXBuildFile; fileRef = E11B6F0823FA2A5B00C00AA0 /* LaunchScreen.storyboard */; };
		E11B6F1523FA2A5B00C00AA0 /* egotter_iosTests.swift in Sources */ = {isa = PBXBuildFile; fileRef = E11B6F1423FA2A5B00C00AA0 /* egotter_iosTests.swift */; };
		E11B6F2023FA2A5B00C00AA0 /* egotter_iosUITests.swift in Sources */ = {isa = PBXBuildFile; fileRef = E11B6F1F23FA2A5B00C00AA0 /* egotter_iosUITests.swift */; };
		E11B6F2F23FA2C3100C00AA0 /* GoogleService-Info.plist in Resources */ = {isa = PBXBuildFile; fileRef = E11B6F2E23FA2C3100C00AA0 /* GoogleService-Info.plist */; };
		E181952423FDBA01006010F7 /* ApiClient.swift in Sources */ = {isa = PBXBuildFile; fileRef = E181952323FDBA01006010F7 /* ApiClient.swift */; };
		E181952623FDC58B006010F7 /* User.swift in Sources */ = {isa = PBXBuildFile; fileRef = E181952523FDC58B006010F7 /* User.swift */; };
/* End PBXBuildFile section */

/* Begin PBXContainerItemProxy section */
		E11B6F1123FA2A5B00C00AA0 /* PBXContainerItemProxy */ = {
			isa = PBXContainerItemProxy;
			containerPortal = E11B6EF223FA2A5900C00AA0 /* Project object */;
			proxyType = 1;
			remoteGlobalIDString = E11B6EF923FA2A5900C00AA0;
			remoteInfo = egotter_ios;
		};
		E11B6F1C23FA2A5B00C00AA0 /* PBXContainerItemProxy */ = {
			isa = PBXContainerItemProxy;
			containerPortal = E11B6EF223FA2A5900C00AA0 /* Project object */;
			proxyType = 1;
			remoteGlobalIDString = E11B6EF923FA2A5900C00AA0;
			remoteInfo = egotter_ios;
		};
/* End PBXContainerItemProxy section */

/* Begin PBXFileReference section */
		116FC2FAD65F044FE520CE06 /* Pods-egotter_iosTests.debug.xcconfig */ = {isa = PBXFileReference; includeInIndex = 1; lastKnownFileType = text.xcconfig; name = "Pods-egotter_iosTests.debug.xcconfig"; path = "Target Support Files/Pods-egotter_iosTests/Pods-egotter_iosTests.debug.xcconfig"; sourceTree = "<group>"; };
		2AEDA2E6CCB2F6B924F8ACAA /* Pods-egotter_iosTests.release.xcconfig */ = {isa = PBXFileReference; includeInIndex = 1; lastKnownFileType = text.xcconfig; name = "Pods-egotter_iosTests.release.xcconfig"; path = "Target Support Files/Pods-egotter_iosTests/Pods-egotter_iosTests.release.xcconfig"; sourceTree = "<group>"; };
		8A64E920A427E10FF5B9BC08 /* Pods-egotter_ios-egotter_iosUITests.release.xcconfig */ = {isa = PBXFileReference; includeInIndex = 1; lastKnownFileType = text.xcconfig; name = "Pods-egotter_ios-egotter_iosUITests.release.xcconfig"; path = "Target Support Files/Pods-egotter_ios-egotter_iosUITests/Pods-egotter_ios-egotter_iosUITests.release.xcconfig"; sourceTree = "<group>"; };
		8BB7A5DFB7268245939A2C8C /* Pods_egotter_ios_egotter_iosUITests.framework */ = {isa = PBXFileReference; explicitFileType = wrapper.framework; includeInIndex = 0; path = Pods_egotter_ios_egotter_iosUITests.framework; sourceTree = BUILT_PRODUCTS_DIR; };
		933E10F22A7B935D99D18E8C /* Pods-egotter_ios.release.xcconfig */ = {isa = PBXFileReference; includeInIndex = 1; lastKnownFileType = text.xcconfig; name = "Pods-egotter_ios.release.xcconfig"; path = "Target Support Files/Pods-egotter_ios/Pods-egotter_ios.release.xcconfig"; sourceTree = "<group>"; };
		95223B87EB88CD643DC533E7 /* Pods-egotter_ios.debug.xcconfig */ = {isa = PBXFileReference; includeInIndex = 1; lastKnownFileType = text.xcconfig; name = "Pods-egotter_ios.debug.xcconfig"; path = "Target Support Files/Pods-egotter_ios/Pods-egotter_ios.debug.xcconfig"; sourceTree = "<group>"; };
		BC5E75F879D895DA39634826 /* Pods_egotter_iosTests.framework */ = {isa = PBXFileReference; explicitFileType = wrapper.framework; includeInIndex = 0; path = Pods_egotter_iosTests.framework; sourceTree = BUILT_PRODUCTS_DIR; };
		E11B6EFA23FA2A5900C00AA0 /* egotter_ios.app */ = {isa = PBXFileReference; explicitFileType = wrapper.application; includeInIndex = 0; path = egotter_ios.app; sourceTree = BUILT_PRODUCTS_DIR; };
		E11B6EFD23FA2A5900C00AA0 /* AppDelegate.swift */ = {isa = PBXFileReference; lastKnownFileType = sourcecode.swift; path = AppDelegate.swift; sourceTree = "<group>"; };
		E11B6EFF23FA2A5900C00AA0 /* SceneDelegate.swift */ = {isa = PBXFileReference; lastKnownFileType = sourcecode.swift; path = SceneDelegate.swift; sourceTree = "<group>"; };
		E11B6F0123FA2A5900C00AA0 /* ContentView.swift */ = {isa = PBXFileReference; lastKnownFileType = sourcecode.swift; path = ContentView.swift; sourceTree = "<group>"; };
		E11B6F0323FA2A5B00C00AA0 /* Assets.xcassets */ = {isa = PBXFileReference; lastKnownFileType = folder.assetcatalog; path = Assets.xcassets; sourceTree = "<group>"; };
		E11B6F0623FA2A5B00C00AA0 /* Preview Assets.xcassets */ = {isa = PBXFileReference; lastKnownFileType = folder.assetcatalog; path = "Preview Assets.xcassets"; sourceTree = "<group>"; };
		E11B6F0923FA2A5B00C00AA0 /* Base */ = {isa = PBXFileReference; lastKnownFileType = file.storyboard; name = Base; path = Base.lproj/LaunchScreen.storyboard; sourceTree = "<group>"; };
		E11B6F0B23FA2A5B00C00AA0 /* Info.plist */ = {isa = PBXFileReference; lastKnownFileType = text.plist.xml; path = Info.plist; sourceTree = "<group>"; };
		E11B6F1023FA2A5B00C00AA0 /* egotter_iosTests.xctest */ = {isa = PBXFileReference; explicitFileType = wrapper.cfbundle; includeInIndex = 0; path = egotter_iosTests.xctest; sourceTree = BUILT_PRODUCTS_DIR; };
		E11B6F1423FA2A5B00C00AA0 /* egotter_iosTests.swift */ = {isa = PBXFileReference; lastKnownFileType = sourcecode.swift; path = egotter_iosTests.swift; sourceTree = "<group>"; };
		E11B6F1623FA2A5B00C00AA0 /* Info.plist */ = {isa = PBXFileReference; lastKnownFileType = text.plist.xml; path = Info.plist; sourceTree = "<group>"; };
		E11B6F1B23FA2A5B00C00AA0 /* egotter_iosUITests.xctest */ = {isa = PBXFileReference; explicitFileType = wrapper.cfbundle; includeInIndex = 0; path = egotter_iosUITests.xctest; sourceTree = BUILT_PRODUCTS_DIR; };
		E11B6F1F23FA2A5B00C00AA0 /* egotter_iosUITests.swift */ = {isa = PBXFileReference; lastKnownFileType = sourcecode.swift; path = egotter_iosUITests.swift; sourceTree = "<group>"; };
		E11B6F2123FA2A5B00C00AA0 /* Info.plist */ = {isa = PBXFileReference; lastKnownFileType = text.plist.xml; path = Info.plist; sourceTree = "<group>"; };
		E11B6F2D23FA2AE600C00AA0 /* egotter_ios.entitlements */ = {isa = PBXFileReference; lastKnownFileType = text.plist.entitlements; path = egotter_ios.entitlements; sourceTree = "<group>"; };
		E11B6F2E23FA2C3100C00AA0 /* GoogleService-Info.plist */ = {isa = PBXFileReference; fileEncoding = 4; lastKnownFileType = text.plist.xml; path = "GoogleService-Info.plist"; sourceTree = "<group>"; };
		E181952323FDBA01006010F7 /* ApiClient.swift */ = {isa = PBXFileReference; lastKnownFileType = sourcecode.swift; path = ApiClient.swift; sourceTree = "<group>"; };
		E181952523FDC58B006010F7 /* User.swift */ = {isa = PBXFileReference; lastKnownFileType = sourcecode.swift; path = User.swift; sourceTree = "<group>"; };
		E66EADC4D18DC68BFFE608BC /* Pods-egotter_ios-egotter_iosUITests.debug.xcconfig */ = {isa = PBXFileReference; includeInIndex = 1; lastKnownFileType = text.xcconfig; name = "Pods-egotter_ios-egotter_iosUITests.debug.xcconfig"; path = "Target Support Files/Pods-egotter_ios-egotter_iosUITests/Pods-egotter_ios-egotter_iosUITests.debug.xcconfig"; sourceTree = "<group>"; };
		FA9DC115E6891D93D8B2B13A /* Pods_egotter_ios.framework */ = {isa = PBXFileReference; explicitFileType = wrapper.framework; includeInIndex = 0; path = Pods_egotter_ios.framework; sourceTree = BUILT_PRODUCTS_DIR; };
/* End PBXFileReference section */

/* Begin PBXFrameworksBuildPhase section */
		E11B6EF723FA2A5900C00AA0 /* Frameworks */ = {
			isa = PBXFrameworksBuildPhase;
			buildActionMask = 2147483647;
			files = (
				9EAEE1E1C323A7419DD1E7F6 /* Pods_egotter_ios.framework in Frameworks */,
			);
			runOnlyForDeploymentPostprocessing = 0;
		};
		E11B6F0D23FA2A5B00C00AA0 /* Frameworks */ = {
			isa = PBXFrameworksBuildPhase;
			buildActionMask = 2147483647;
			files = (
				66F85245687FD4DDC9362510 /* Pods_egotter_iosTests.framework in Frameworks */,
			);
			runOnlyForDeploymentPostprocessing = 0;
		};
		E11B6F1823FA2A5B00C00AA0 /* Frameworks */ = {
			isa = PBXFrameworksBuildPhase;
			buildActionMask = 2147483647;
			files = (
				7E67C13612A119B52CCAC132 /* Pods_egotter_ios_egotter_iosUITests.framework in Frameworks */,
			);
			runOnlyForDeploymentPostprocessing = 0;
		};
/* End PBXFrameworksBuildPhase section */

/* Begin PBXGroup section */
		978906B893DC57D33930DD71 /* Pods */ = {
			isa = PBXGroup;
			children = (
				95223B87EB88CD643DC533E7 /* Pods-egotter_ios.debug.xcconfig */,
				933E10F22A7B935D99D18E8C /* Pods-egotter_ios.release.xcconfig */,
				E66EADC4D18DC68BFFE608BC /* Pods-egotter_ios-egotter_iosUITests.debug.xcconfig */,
				8A64E920A427E10FF5B9BC08 /* Pods-egotter_ios-egotter_iosUITests.release.xcconfig */,
				116FC2FAD65F044FE520CE06 /* Pods-egotter_iosTests.debug.xcconfig */,
				2AEDA2E6CCB2F6B924F8ACAA /* Pods-egotter_iosTests.release.xcconfig */,
			);
			path = Pods;
			sourceTree = "<group>";
		};
		997B7E47C99B1479E4565AA6 /* Frameworks */ = {
			isa = PBXGroup;
			children = (
				FA9DC115E6891D93D8B2B13A /* Pods_egotter_ios.framework */,
				8BB7A5DFB7268245939A2C8C /* Pods_egotter_ios_egotter_iosUITests.framework */,
				BC5E75F879D895DA39634826 /* Pods_egotter_iosTests.framework */,
			);
			name = Frameworks;
			sourceTree = "<group>";
		};
		E11B6EF123FA2A5900C00AA0 = {
			isa = PBXGroup;
			children = (
				E11B6EFC23FA2A5900C00AA0 /* egotter_ios */,
				E11B6F1323FA2A5B00C00AA0 /* egotter_iosTests */,
				E11B6F1E23FA2A5B00C00AA0 /* egotter_iosUITests */,
				E11B6EFB23FA2A5900C00AA0 /* Products */,
				978906B893DC57D33930DD71 /* Pods */,
				997B7E47C99B1479E4565AA6 /* Frameworks */,
			);
			sourceTree = "<group>";
		};
		E11B6EFB23FA2A5900C00AA0 /* Products */ = {
			isa = PBXGroup;
			children = (
				E11B6EFA23FA2A5900C00AA0 /* egotter_ios.app */,
				E11B6F1023FA2A5B00C00AA0 /* egotter_iosTests.xctest */,
				E11B6F1B23FA2A5B00C00AA0 /* egotter_iosUITests.xctest */,
			);
			name = Products;
			sourceTree = "<group>";
		};
		E11B6EFC23FA2A5900C00AA0 /* egotter_ios */ = {
			isa = PBXGroup;
			children = (
				E11B6F2E23FA2C3100C00AA0 /* GoogleService-Info.plist */,
				E11B6F2D23FA2AE600C00AA0 /* egotter_ios.entitlements */,
				E11B6EFD23FA2A5900C00AA0 /* AppDelegate.swift */,
				E11B6EFF23FA2A5900C00AA0 /* SceneDelegate.swift */,
				E11B6F0123FA2A5900C00AA0 /* ContentView.swift */,
				E11B6F0323FA2A5B00C00AA0 /* Assets.xcassets */,
				E11B6F0823FA2A5B00C00AA0 /* LaunchScreen.storyboard */,
				E11B6F0B23FA2A5B00C00AA0 /* Info.plist */,
				E11B6F0523FA2A5B00C00AA0 /* Preview Content */,
				E181952323FDBA01006010F7 /* ApiClient.swift */,
				E181952523FDC58B006010F7 /* User.swift */,
			);
			path = egotter_ios;
			sourceTree = "<group>";
		};
		E11B6F0523FA2A5B00C00AA0 /* Preview Content */ = {
			isa = PBXGroup;
			children = (
				E11B6F0623FA2A5B00C00AA0 /* Preview Assets.xcassets */,
			);
			path = "Preview Content";
			sourceTree = "<group>";
		};
		E11B6F1323FA2A5B00C00AA0 /* egotter_iosTests */ = {
			isa = PBXGroup;
			children = (
				E11B6F1423FA2A5B00C00AA0 /* egotter_iosTests.swift */,
				E11B6F1623FA2A5B00C00AA0 /* Info.plist */,
			);
			path = egotter_iosTests;
			sourceTree = "<group>";
		};
		E11B6F1E23FA2A5B00C00AA0 /* egotter_iosUITests */ = {
			isa = PBXGroup;
			children = (
				E11B6F1F23FA2A5B00C00AA0 /* egotter_iosUITests.swift */,
				E11B6F2123FA2A5B00C00AA0 /* Info.plist */,
			);
			path = egotter_iosUITests;
			sourceTree = "<group>";
		};
/* End PBXGroup section */

/* Begin PBXNativeTarget section */
		E11B6EF923FA2A5900C00AA0 /* egotter_ios */ = {
			isa = PBXNativeTarget;
			buildConfigurationList = E11B6F2423FA2A5B00C00AA0 /* Build configuration list for PBXNativeTarget "egotter_ios" */;
			buildPhases = (
				8EFE0A54ECB178FABC3FAAC1 /* [CP] Check Pods Manifest.lock */,
				E11B6EF623FA2A5900C00AA0 /* Sources */,
				E11B6EF723FA2A5900C00AA0 /* Frameworks */,
				E11B6EF823FA2A5900C00AA0 /* Resources */,
				F708926BA3EA834543621216 /* [CP] Embed Pods Frameworks */,
			);
			buildRules = (
			);
			dependencies = (
			);
			name = egotter_ios;
			productName = egotter_ios;
			productReference = E11B6EFA23FA2A5900C00AA0 /* egotter_ios.app */;
			productType = "com.apple.product-type.application";
		};
		E11B6F0F23FA2A5B00C00AA0 /* egotter_iosTests */ = {
			isa = PBXNativeTarget;
			buildConfigurationList = E11B6F2723FA2A5B00C00AA0 /* Build configuration list for PBXNativeTarget "egotter_iosTests" */;
			buildPhases = (
				7945FC4226490A1DBB84EA65 /* [CP] Check Pods Manifest.lock */,
				E11B6F0C23FA2A5B00C00AA0 /* Sources */,
				E11B6F0D23FA2A5B00C00AA0 /* Frameworks */,
				E11B6F0E23FA2A5B00C00AA0 /* Resources */,
			);
			buildRules = (
			);
			dependencies = (
				E11B6F1223FA2A5B00C00AA0 /* PBXTargetDependency */,
			);
			name = egotter_iosTests;
			productName = egotter_iosTests;
			productReference = E11B6F1023FA2A5B00C00AA0 /* egotter_iosTests.xctest */;
			productType = "com.apple.product-type.bundle.unit-test";
		};
		E11B6F1A23FA2A5B00C00AA0 /* egotter_iosUITests */ = {
			isa = PBXNativeTarget;
			buildConfigurationList = E11B6F2A23FA2A5B00C00AA0 /* Build configuration list for PBXNativeTarget "egotter_iosUITests" */;
			buildPhases = (
				FA4A9E103B54EE05B2409802 /* [CP] Check Pods Manifest.lock */,
				E11B6F1723FA2A5B00C00AA0 /* Sources */,
				E11B6F1823FA2A5B00C00AA0 /* Frameworks */,
				E11B6F1923FA2A5B00C00AA0 /* Resources */,
				0CC2996BFC7DBEE80DAD455E /* [CP] Embed Pods Frameworks */,
			);
			buildRules = (
			);
			dependencies = (
				E11B6F1D23FA2A5B00C00AA0 /* PBXTargetDependency */,
			);
			name = egotter_iosUITests;
			productName = egotter_iosUITests;
			productReference = E11B6F1B23FA2A5B00C00AA0 /* egotter_iosUITests.xctest */;
			productType = "com.apple.product-type.bundle.ui-testing";
		};
/* End PBXNativeTarget section */

/* Begin PBXProject section */
		E11B6EF223FA2A5900C00AA0 /* Project object */ = {
			isa = PBXProject;
			attributes = {
				LastSwiftUpdateCheck = 1130;
				LastUpgradeCheck = 1130;
				ORGANIZATIONNAME = "Teruki Shinohara";
				TargetAttributes = {
					E11B6EF923FA2A5900C00AA0 = {
						CreatedOnToolsVersion = 11.3.1;
					};
					E11B6F0F23FA2A5B00C00AA0 = {
						CreatedOnToolsVersion = 11.3.1;
						TestTargetID = E11B6EF923FA2A5900C00AA0;
					};
					E11B6F1A23FA2A5B00C00AA0 = {
						CreatedOnToolsVersion = 11.3.1;
						TestTargetID = E11B6EF923FA2A5900C00AA0;
					};
				};
			};
			buildConfigurationList = E11B6EF523FA2A5900C00AA0 /* Build configuration list for PBXProject "egotter_ios" */;
			compatibilityVersion = "Xcode 9.3";
			developmentRegion = en;
			hasScannedForEncodings = 0;
			knownRegions = (
				en,
				Base,
			);
			mainGroup = E11B6EF123FA2A5900C00AA0;
			productRefGroup = E11B6EFB23FA2A5900C00AA0 /* Products */;
			projectDirPath = "";
			projectRoot = "";
			targets = (
				E11B6EF923FA2A5900C00AA0 /* egotter_ios */,
				E11B6F0F23FA2A5B00C00AA0 /* egotter_iosTests */,
				E11B6F1A23FA2A5B00C00AA0 /* egotter_iosUITests */,
			);
		};
/* End PBXProject section */

/* Begin PBXResourcesBuildPhase section */
		E11B6EF823FA2A5900C00AA0 /* Resources */ = {
			isa = PBXResourcesBuildPhase;
			buildActionMask = 2147483647;
			files = (
				E11B6F0A23FA2A5B00C00AA0 /* LaunchScreen.storyboard in Resources */,
				E11B6F2F23FA2C3100C00AA0 /* GoogleService-Info.plist in Resources */,
				E11B6F0723FA2A5B00C00AA0 /* Preview Assets.xcassets in Resources */,
				E11B6F0423FA2A5B00C00AA0 /* Assets.xcassets in Resources */,
			);
			runOnlyForDeploymentPostprocessing = 0;
		};
		E11B6F0E23FA2A5B00C00AA0 /* Resources */ = {
			isa = PBXResourcesBuildPhase;
			buildActionMask = 2147483647;
			files = (
			);
			runOnlyForDeploymentPostprocessing = 0;
		};
		E11B6F1923FA2A5B00C00AA0 /* Resources */ = {
			isa = PBXResourcesBuildPhase;
			buildActionMask = 2147483647;
			files = (
			);
			runOnlyForDeploymentPostprocessing = 0;
		};
/* End PBXResourcesBuildPhase section */

/* Begin PBXShellScriptBuildPhase section */
		0CC2996BFC7DBEE80DAD455E /* [CP] Embed Pods Frameworks */ = {
			isa = PBXShellScriptBuildPhase;
			buildActionMask = 2147483647;
			files = (
			);
			inputFileListPaths = (
				"${PODS_ROOT}/Target Support Files/Pods-egotter_ios-egotter_iosUITests/Pods-egotter_ios-egotter_iosUITests-frameworks-${CONFIGURATION}-input-files.xcfilelist",
			);
			name = "[CP] Embed Pods Frameworks";
			outputFileListPaths = (
				"${PODS_ROOT}/Target Support Files/Pods-egotter_ios-egotter_iosUITests/Pods-egotter_ios-egotter_iosUITests-frameworks-${CONFIGURATION}-output-files.xcfilelist",
			);
			runOnlyForDeploymentPostprocessing = 0;
			shellPath = /bin/sh;
			shellScript = "\"${PODS_ROOT}/Target Support Files/Pods-egotter_ios-egotter_iosUITests/Pods-egotter_ios-egotter_iosUITests-frameworks.sh\"\n";
			showEnvVarsInLog = 0;
		};
		7945FC4226490A1DBB84EA65 /* [CP] Check Pods Manifest.lock */ = {
			isa = PBXShellScriptBuildPhase;
			buildActionMask = 2147483647;
			files = (
			);
			inputFileListPaths = (
			);
			inputPaths = (
				"${PODS_PODFILE_DIR_PATH}/Podfile.lock",
				"${PODS_ROOT}/Manifest.lock",
			);
			name = "[CP] Check Pods Manifest.lock";
			outputFileListPaths = (
			);
			outputPaths = (
				"$(DERIVED_FILE_DIR)/Pods-egotter_iosTests-checkManifestLockResult.txt",
			);
			runOnlyForDeploymentPostprocessing = 0;
			shellPath = /bin/sh;
			shellScript = "diff \"${PODS_PODFILE_DIR_PATH}/Podfile.lock\" \"${PODS_ROOT}/Manifest.lock\" > /dev/null\nif [ $? != 0 ] ; then\n    # print error to STDERR\n    echo \"error: The sandbox is not in sync with the Podfile.lock. Run 'pod install' or update your CocoaPods installation.\" >&2\n    exit 1\nfi\n# This output is used by Xcode 'outputs' to avoid re-running this script phase.\necho \"SUCCESS\" > \"${SCRIPT_OUTPUT_FILE_0}\"\n";
			showEnvVarsInLog = 0;
		};
		8EFE0A54ECB178FABC3FAAC1 /* [CP] Check Pods Manifest.lock */ = {
			isa = PBXShellScriptBuildPhase;
			buildActionMask = 2147483647;
			files = (
			);
			inputFileListPaths = (
			);
			inputPaths = (
				"${PODS_PODFILE_DIR_PATH}/Podfile.lock",
				"${PODS_ROOT}/Manifest.lock",
			);
			name = "[CP] Check Pods Manifest.lock";
			outputFileListPaths = (
			);
			outputPaths = (
				"$(DERIVED_FILE_DIR)/Pods-egotter_ios-checkManifestLockResult.txt",
			);
			runOnlyForDeploymentPostprocessing = 0;
			shellPath = /bin/sh;
			shellScript = "diff \"${PODS_PODFILE_DIR_PATH}/Podfile.lock\" \"${PODS_ROOT}/Manifest.lock\" > /dev/null\nif [ $? != 0 ] ; then\n    # print error to STDERR\n    echo \"error: The sandbox is not in sync with the Podfile.lock. Run 'pod install' or update your CocoaPods installation.\" >&2\n    exit 1\nfi\n# This output is used by Xcode 'outputs' to avoid re-running this script phase.\necho \"SUCCESS\" > \"${SCRIPT_OUTPUT_FILE_0}\"\n";
			showEnvVarsInLog = 0;
		};
		F708926BA3EA834543621216 /* [CP] Embed Pods Frameworks */ = {
			isa = PBXShellScriptBuildPhase;
			buildActionMask = 2147483647;
			files = (
			);
			inputFileListPaths = (
				"${PODS_ROOT}/Target Support Files/Pods-egotter_ios/Pods-egotter_ios-frameworks-${CONFIGURATION}-input-files.xcfilelist",
			);
			name = "[CP] Embed Pods Frameworks";
			outputFileListPaths = (
				"${PODS_ROOT}/Target Support Files/Pods-egotter_ios/Pods-egotter_ios-frameworks-${CONFIGURATION}-output-files.xcfilelist",
			);
			runOnlyForDeploymentPostprocessing = 0;
			shellPath = /bin/sh;
			shellScript = "\"${PODS_ROOT}/Target Support Files/Pods-egotter_ios/Pods-egotter_ios-frameworks.sh\"\n";
			showEnvVarsInLog = 0;
		};
		FA4A9E103B54EE05B2409802 /* [CP] Check Pods Manifest.lock */ = {
			isa = PBXShellScriptBuildPhase;
			buildActionMask = 2147483647;
			files = (
			);
			inputFileListPaths = (
			);
			inputPaths = (
				"${PODS_PODFILE_DIR_PATH}/Podfile.lock",
				"${PODS_ROOT}/Manifest.lock",
			);
			name = "[CP] Check Pods Manifest.lock";
			outputFileListPaths = (
			);
			outputPaths = (
				"$(DERIVED_FILE_DIR)/Pods-egotter_ios-egotter_iosUITests-checkManifestLockResult.txt",
			);
			runOnlyForDeploymentPostprocessing = 0;
			shellPath = /bin/sh;
			shellScript = "diff \"${PODS_PODFILE_DIR_PATH}/Podfile.lock\" \"${PODS_ROOT}/Manifest.lock\" > /dev/null\nif [ $? != 0 ] ; then\n    # print error to STDERR\n    echo \"error: The sandbox is not in sync with the Podfile.lock. Run 'pod install' or update your CocoaPods installation.\" >&2\n    exit 1\nfi\n# This output is used by Xcode 'outputs' to avoid re-running this script phase.\necho \"SUCCESS\" > \"${SCRIPT_OUTPUT_FILE_0}\"\n";
			showEnvVarsInLog = 0;
		};
/* End PBXShellScriptBuildPhase section */

/* Begin PBXSourcesBuildPhase section */
		E11B6EF623FA2A5900C00AA0 /* Sources */ = {
			isa = PBXSourcesBuildPhase;
			buildActionMask = 2147483647;
			files = (
				E11B6EFE23FA2A5900C00AA0 /* AppDelegate.swift in Sources */,
				E11B6F0023FA2A5900C00AA0 /* SceneDelegate.swift in Sources */,
				E11B6F0223FA2A5900C00AA0 /* ContentView.swift in Sources */,
				E181952623FDC58B006010F7 /* User.swift in Sources */,
				E181952423FDBA01006010F7 /* ApiClient.swift in Sources */,
			);
			runOnlyForDeploymentPostprocessing = 0;
		};
		E11B6F0C23FA2A5B00C00AA0 /* Sources */ = {
			isa = PBXSourcesBuildPhase;
			buildActionMask = 2147483647;
			files = (
				E11B6F1523FA2A5B00C00AA0 /* egotter_iosTests.swift in Sources */,
			);
			runOnlyForDeploymentPostprocessing = 0;
		};
		E11B6F1723FA2A5B00C00AA0 /* Sources */ = {
			isa = PBXSourcesBuildPhase;
			buildActionMask = 2147483647;
			files = (
				E11B6F2023FA2A5B00C00AA0 /* egotter_iosUITests.swift in Sources */,
			);
			runOnlyForDeploymentPostprocessing = 0;
		};
/* End PBXSourcesBuildPhase section */

/* Begin PBXTargetDependency section */
		E11B6F1223FA2A5B00C00AA0 /* PBXTargetDependency */ = {
			isa = PBXTargetDependency;
			target = E11B6EF923FA2A5900C00AA0 /* egotter_ios */;
			targetProxy = E11B6F1123FA2A5B00C00AA0 /* PBXContainerItemProxy */;
		};
		E11B6F1D23FA2A5B00C00AA0 /* PBXTargetDependency */ = {
			isa = PBXTargetDependency;
			target = E11B6EF923FA2A5900C00AA0 /* egotter_ios */;
			targetProxy = E11B6F1C23FA2A5B00C00AA0 /* PBXContainerItemProxy */;
		};
/* End PBXTargetDependency section */

/* Begin PBXVariantGroup section */
		E11B6F0823FA2A5B00C00AA0 /* LaunchScreen.storyboard */ = {
			isa = PBXVariantGroup;
			children = (
				E11B6F0923FA2A5B00C00AA0 /* Base */,
			);
			name = LaunchScreen.storyboard;
			sourceTree = "<group>";
		};
/* End PBXVariantGroup section */

/* Begin XCBuildConfiguration section */
		E11B6F2223FA2A5B00C00AA0 /* Debug */ = {
			isa = XCBuildConfiguration;
			buildSettings = {
				ALWAYS_SEARCH_USER_PATHS = NO;
				CLANG_ANALYZER_NONNULL = YES;
				CLANG_ANALYZER_NUMBER_OBJECT_CONVERSION = YES_AGGRESSIVE;
				CLANG_CXX_LANGUAGE_STANDARD = "gnu++14";
				CLANG_CXX_LIBRARY = "libc++";
				CLANG_ENABLE_MODULES = YES;
				CLANG_ENABLE_OBJC_ARC = YES;
				CLANG_ENABLE_OBJC_WEAK = YES;
				CLANG_WARN_BLOCK_CAPTURE_AUTORELEASING = YES;
				CLANG_WARN_BOOL_CONVERSION = YES;
				CLANG_WARN_COMMA = YES;
				CLANG_WARN_CONSTANT_CONVERSION = YES;
				CLANG_WARN_DEPRECATED_OBJC_IMPLEMENTATIONS = YES;
				CLANG_WARN_DIRECT_OBJC_ISA_USAGE = YES_ERROR;
				CLANG_WARN_DOCUMENTATION_COMMENTS = YES;
				CLANG_WARN_EMPTY_BODY = YES;
				CLANG_WARN_ENUM_CONVERSION = YES;
				CLANG_WARN_INFINITE_RECURSION = YES;
				CLANG_WARN_INT_CONVERSION = YES;
				CLANG_WARN_NON_LITERAL_NULL_CONVERSION = YES;
				CLANG_WARN_OBJC_IMPLICIT_RETAIN_SELF = YES;
				CLANG_WARN_OBJC_LITERAL_CONVERSION = YES;
				CLANG_WARN_OBJC_ROOT_CLASS = YES_ERROR;
				CLANG_WARN_RANGE_LOOP_ANALYSIS = YES;
				CLANG_WARN_STRICT_PROTOTYPES = YES;
				CLANG_WARN_SUSPICIOUS_MOVE = YES;
				CLANG_WARN_UNGUARDED_AVAILABILITY = YES_AGGRESSIVE;
				CLANG_WARN_UNREACHABLE_CODE = YES;
				CLANG_WARN__DUPLICATE_METHOD_MATCH = YES;
				COPY_PHASE_STRIP = NO;
				DEBUG_INFORMATION_FORMAT = dwarf;
				ENABLE_STRICT_OBJC_MSGSEND = YES;
				ENABLE_TESTABILITY = YES;
				GCC_C_LANGUAGE_STANDARD = gnu11;
				GCC_DYNAMIC_NO_PIC = NO;
				GCC_NO_COMMON_BLOCKS = YES;
				GCC_OPTIMIZATION_LEVEL = 0;
				GCC_PREPROCESSOR_DEFINITIONS = (
					"DEBUG=1",
					"$(inherited)",
				);
				GCC_WARN_64_TO_32_BIT_CONVERSION = YES;
				GCC_WARN_ABOUT_RETURN_TYPE = YES_ERROR;
				GCC_WARN_UNDECLARED_SELECTOR = YES;
				GCC_WARN_UNINITIALIZED_AUTOS = YES_AGGRESSIVE;
				GCC_WARN_UNUSED_FUNCTION = YES;
				GCC_WARN_UNUSED_VARIABLE = YES;
				IPHONEOS_DEPLOYMENT_TARGET = 13.2;
				MTL_ENABLE_DEBUG_INFO = INCLUDE_SOURCE;
				MTL_FAST_MATH = YES;
				ONLY_ACTIVE_ARCH = YES;
				SDKROOT = iphoneos;
				SWIFT_ACTIVE_COMPILATION_CONDITIONS = DEBUG;
				SWIFT_OPTIMIZATION_LEVEL = "-Onone";
			};
			name = Debug;
		};
		E11B6F2323FA2A5B00C00AA0 /* Release */ = {
			isa = XCBuildConfiguration;
			buildSettings = {
				ALWAYS_SEARCH_USER_PATHS = NO;
				CLANG_ANALYZER_NONNULL = YES;
				CLANG_ANALYZER_NUMBER_OBJECT_CONVERSION = YES_AGGRESSIVE;
				CLANG_CXX_LANGUAGE_STANDARD = "gnu++14";
				CLANG_CXX_LIBRARY = "libc++";
				CLANG_ENABLE_MODULES = YES;
				CLANG_ENABLE_OBJC_ARC = YES;
				CLANG_ENABLE_OBJC_WEAK = YES;
				CLANG_WARN_BLOCK_CAPTURE_AUTORELEASING = YES;
				CLANG_WARN_BOOL_CONVERSION = YES;
				CLANG_WARN_COMMA = YES;
				CLANG_WARN_CONSTANT_CONVERSION = YES;
				CLANG_WARN_DEPRECATED_OBJC_IMPLEMENTATIONS = YES;
				CLANG_WARN_DIRECT_OBJC_ISA_USAGE = YES_ERROR;
				CLANG_WARN_DOCUMENTATION_COMMENTS = YES;
				CLANG_WARN_EMPTY_BODY = YES;
				CLANG_WARN_ENUM_CONVERSION = YES;
				CLANG_WARN_INFINITE_RECURSION = YES;
				CLANG_WARN_INT_CONVERSION = YES;
				CLANG_WARN_NON_LITERAL_NULL_CONVERSION = YES;
				CLANG_WARN_OBJC_IMPLICIT_RETAIN_SELF = YES;
				CLANG_WARN_OBJC_LITERAL_CONVERSION = YES;
				CLANG_WARN_OBJC_ROOT_CLASS = YES_ERROR;
				CLANG_WARN_RANGE_LOOP_ANALYSIS = YES;
				CLANG_WARN_STRICT_PROTOTYPES = YES;
				CLANG_WARN_SUSPICIOUS_MOVE = YES;
				CLANG_WARN_UNGUARDED_AVAILABILITY = YES_AGGRESSIVE;
				CLANG_WARN_UNREACHABLE_CODE = YES;
				CLANG_WARN__DUPLICATE_METHOD_MATCH = YES;
				COPY_PHASE_STRIP = NO;
				DEBUG_INFORMATION_FORMAT = "dwarf-with-dsym";
				ENABLE_NS_ASSERTIONS = NO;
				ENABLE_STRICT_OBJC_MSGSEND = YES;
				GCC_C_LANGUAGE_STANDARD = gnu11;
				GCC_NO_COMMON_BLOCKS = YES;
				GCC_WARN_64_TO_32_BIT_CONVERSION = YES;
				GCC_WARN_ABOUT_RETURN_TYPE = YES_ERROR;
				GCC_WARN_UNDECLARED_SELECTOR = YES;
				GCC_WARN_UNINITIALIZED_AUTOS = YES_AGGRESSIVE;
				GCC_WARN_UNUSED_FUNCTION = YES;
				GCC_WARN_UNUSED_VARIABLE = YES;
				IPHONEOS_DEPLOYMENT_TARGET = 13.2;
				MTL_ENABLE_DEBUG_INFO = NO;
				MTL_FAST_MATH = YES;
				SDKROOT = iphoneos;
				SWIFT_COMPILATION_MODE = wholemodule;
				SWIFT_OPTIMIZATION_LEVEL = "-O";
				VALIDATE_PRODUCT = YES;
			};
			name = Release;
		};
		E11B6F2523FA2A5B00C00AA0 /* Debug */ = {
			isa = XCBuildConfiguration;
			baseConfigurationReference = 95223B87EB88CD643DC533E7 /* Pods-egotter_ios.debug.xcconfig */;
			buildSettings = {
				ASSETCATALOG_COMPILER_APPICON_NAME = AppIcon;
				CODE_SIGN_ENTITLEMENTS = egotter_ios/egotter_ios.entitlements;
				CODE_SIGN_IDENTITY = "Apple Development";
				CODE_SIGN_STYLE = Automatic;
				DEVELOPMENT_ASSET_PATHS = "\"egotter_ios/Preview Content\"";
				DEVELOPMENT_TEAM = DETWXCT7P3;
				ENABLE_PREVIEWS = YES;
				INFOPLIST_FILE = egotter_ios/Info.plist;
				LD_RUNPATH_SEARCH_PATHS = (
					"$(inherited)",
					"@executable_path/Frameworks",
				);
				PRODUCT_BUNDLE_IDENTIFIER = "com.egotter.egotter-ios";
				PRODUCT_NAME = "$(TARGET_NAME)";
				PROVISIONING_PROFILE_SPECIFIER = "";
				SWIFT_VERSION = 5.0;
				TARGETED_DEVICE_FAMILY = "1,2";
			};
			name = Debug;
		};
		E11B6F2623FA2A5B00C00AA0 /* Release */ = {
			isa = XCBuildConfiguration;
			baseConfigurationReference = 933E10F22A7B935D99D18E8C /* Pods-egotter_ios.release.xcconfig */;
			buildSettings = {
				ASSETCATALOG_COMPILER_APPICON_NAME = AppIcon;
				CODE_SIGN_ENTITLEMENTS = egotter_ios/egotter_ios.entitlements;
				CODE_SIGN_IDENTITY = "Apple Development";
				CODE_SIGN_STYLE = Automatic;
				DEVELOPMENT_ASSET_PATHS = "\"egotter_ios/Preview Content\"";
				DEVELOPMENT_TEAM = DETWXCT7P3;
				ENABLE_PREVIEWS = YES;
				INFOPLIST_FILE = egotter_ios/Info.plist;
				LD_RUNPATH_SEARCH_PATHS = (
					"$(inherited)",
					"@executable_path/Frameworks",
				);
				PRODUCT_BUNDLE_IDENTIFIER = "com.egotter.egotter-ios";
				PRODUCT_NAME = "$(TARGET_NAME)";
				PROVISIONING_PROFILE_SPECIFIER = "";
				SWIFT_VERSION = 5.0;
				TARGETED_DEVICE_FAMILY = "1,2";
			};
			name = Release;
		};
		E11B6F2823FA2A5B00C00AA0 /* Debug */ = {
			isa = XCBuildConfiguration;
			baseConfigurationReference = 116FC2FAD65F044FE520CE06 /* Pods-egotter_iosTests.debug.xcconfig */;
			buildSettings = {
				ALWAYS_EMBED_SWIFT_STANDARD_LIBRARIES = YES;
				BUNDLE_LOADER = "$(TEST_HOST)";
				CODE_SIGN_STYLE = Automatic;
				DEVELOPMENT_TEAM = DETWXCT7P3;
				INFOPLIST_FILE = egotter_iosTests/Info.plist;
				IPHONEOS_DEPLOYMENT_TARGET = 13.2;
				LD_RUNPATH_SEARCH_PATHS = (
					"$(inherited)",
					"@executable_path/Frameworks",
					"@loader_path/Frameworks",
				);
				PRODUCT_BUNDLE_IDENTIFIER = "com.egotter.egotter-iosTests";
				PRODUCT_NAME = "$(TARGET_NAME)";
				SWIFT_VERSION = 5.0;
				TARGETED_DEVICE_FAMILY = "1,2";
				TEST_HOST = "$(BUILT_PRODUCTS_DIR)/egotter_ios.app/egotter_ios";
			};
			name = Debug;
		};
		E11B6F2923FA2A5B00C00AA0 /* Release */ = {
			isa = XCBuildConfiguration;
			baseConfigurationReference = 2AEDA2E6CCB2F6B924F8ACAA /* Pods-egotter_iosTests.release.xcconfig */;
			buildSettings = {
				ALWAYS_EMBED_SWIFT_STANDARD_LIBRARIES = YES;
				BUNDLE_LOADER = "$(TEST_HOST)";
				CODE_SIGN_STYLE = Automatic;
				DEVELOPMENT_TEAM = DETWXCT7P3;
				INFOPLIST_FILE = egotter_iosTests/Info.plist;
				IPHONEOS_DEPLOYMENT_TARGET = 13.2;
				LD_RUNPATH_SEARCH_PATHS = (
					"$(inherited)",
					"@executable_path/Frameworks",
					"@loader_path/Frameworks",
				);
				PRODUCT_BUNDLE_IDENTIFIER = "com.egotter.egotter-iosTests";
				PRODUCT_NAME = "$(TARGET_NAME)";
				SWIFT_VERSION = 5.0;
				TARGETED_DEVICE_FAMILY = "1,2";
				TEST_HOST = "$(BUILT_PRODUCTS_DIR)/egotter_ios.app/egotter_ios";
			};
			name = Release;
		};
		E11B6F2B23FA2A5B00C00AA0 /* Debug */ = {
			isa = XCBuildConfiguration;
			baseConfigurationReference = E66EADC4D18DC68BFFE608BC /* Pods-egotter_ios-egotter_iosUITests.debug.xcconfig */;
			buildSettings = {
				ALWAYS_EMBED_SWIFT_STANDARD_LIBRARIES = YES;
				CODE_SIGN_STYLE = Automatic;
				DEVELOPMENT_TEAM = DETWXCT7P3;
				INFOPLIST_FILE = egotter_iosUITests/Info.plist;
				LD_RUNPATH_SEARCH_PATHS = (
					"$(inherited)",
					"@executable_path/Frameworks",
					"@loader_path/Frameworks",
				);
				PRODUCT_BUNDLE_IDENTIFIER = "com.egotter.egotter-iosUITests";
				PRODUCT_NAME = "$(TARGET_NAME)";
				SWIFT_VERSION = 5.0;
				TARGETED_DEVICE_FAMILY = "1,2";
				TEST_TARGET_NAME = egotter_ios;
			};
			name = Debug;
		};
		E11B6F2C23FA2A5B00C00AA0 /* Release */ = {
			isa = XCBuildConfiguration;
			baseConfigurationReference = 8A64E920A427E10FF5B9BC08 /* Pods-egotter_ios-egotter_iosUITests.release.xcconfig */;
			buildSettings = {
				ALWAYS_EMBED_SWIFT_STANDARD_LIBRARIES = YES;
				CODE_SIGN_STYLE = Automatic;
				DEVELOPMENT_TEAM = DETWXCT7P3;
				INFOPLIST_FILE = egotter_iosUITests/Info.plist;
				LD_RUNPATH_SEARCH_PATHS = (
					"$(inherited)",
					"@executable_path/Frameworks",
					"@loader_path/Frameworks",
				);
				PRODUCT_BUNDLE_IDENTIFIER = "com.egotter.egotter-iosUITests";
				PRODUCT_NAME = "$(TARGET_NAME)";
				SWIFT_VERSION = 5.0;
				TARGETED_DEVICE_FAMILY = "1,2";
				TEST_TARGET_NAME = egotter_ios;
			};
			name = Release;
		};
/* End XCBuildConfiguration section */

/* Begin XCConfigurationList section */
		E11B6EF523FA2A5900C00AA0 /* Build configuration list for PBXProject "egotter_ios" */ = {
			isa = XCConfigurationList;
			buildConfigurations = (
				E11B6F2223FA2A5B00C00AA0 /* Debug */,
				E11B6F2323FA2A5B00C00AA0 /* Release */,
			);
			defaultConfigurationIsVisible = 0;
			defaultConfigurationName = Release;
		};
		E11B6F2423FA2A5B00C00AA0 /* Build configuration list for PBXNativeTarget "egotter_ios" */ = {
			isa = XCConfigurationList;
			buildConfigurations = (
				E11B6F2523FA2A5B00C00AA0 /* Debug */,
				E11B6F2623FA2A5B00C00AA0 /* Release */,
			);
			defaultConfigurationIsVisible = 0;
			defaultConfigurationName = Release;
		};
		E11B6F2723FA2A5B00C00AA0 /* Build configuration list for PBXNativeTarget "egotter_iosTests" */ = {
			isa = XCConfigurationList;
			buildConfigurations = (
				E11B6F2823FA2A5B00C00AA0 /* Debug */,
				E11B6F2923FA2A5B00C00AA0 /* Release */,
			);
			defaultConfigurationIsVisible = 0;
			defaultConfigurationName = Release;
		};
		E11B6F2A23FA2A5B00C00AA0 /* Build configuration list for PBXNativeTarget "egotter_iosUITests" */ = {
			isa = XCConfigurationList;
			buildConfigurations = (
				E11B6F2B23FA2A5B00C00AA0 /* Debug */,
				E11B6F2C23FA2A5B00C00AA0 /* Release */,
			);
			defaultConfigurationIsVisible = 0;
			defaultConfigurationName = Release;
		};
/* End XCConfigurationList section */
	};
	rootObject = E11B6EF223FA2A5900C00AA0 /* Project object */;
}
